
Microsoft Visual Studio Solution File, Format Version 12.00
# Visual Studio Version 17
VisualStudioVersion = 17.4.33403.182
MinimumVisualStudioVersion = 10.0.40219.1
Project("{FAE04EC0-301F-11D3-BF4B-00C04F79EFBC}") = "QBOApiCallDemo", "QBOApiCallDemo\QBOApiCallDemo.csproj", "{B2FBA642-378E-43A1-B926-51DAD0903484}"
EndProject
Global
	GlobalSection(SolutionConfigurationPlatforms) = preSolution
		Debug|Any CPU = Debug|Any CPU
		Release|Any CPU = Release|Any CPU
	EndGlobalSection
	GlobalSection(ProjectConfigurationPlatforms) = postSolution
		{B2FBA642-378E-43A1-B926-51DAD0903484}.Debug|Any CPU.ActiveCfg = Debug|Any CPU
		{B2FBA642-378E-43A1-B926-51DAD0903484}.Debug|Any CPU.Build.0 = Debug|Any CPU
		{B2FBA642-378E-43A1-B926-51DAD0903484}.Release|Any CPU.ActiveCfg = Release|Any CPU
		{B2FBA642-378E-43A1-B926-51DAD0903484}.Release|Any CPU.Build.0 = Release|Any CPU
	EndGlobalSection
	GlobalSection(SolutionProperties) = preSolution
		HideSolutionNode = FALSE
	EndGlobalSection
	GlobalSection(ExtensibilityGlobals) = postSolution
		SolutionGuid = {E5A411B7-C55D-4E59-A2AB-A14995BBFAEC}
	EndGlobalSection
EndGlobal
